
Microsoft Visual Studio Solution File, Format Version 12.00
# Visual Studio Version 17
VisualStudioVersion = 17.9.34728.123
MinimumVisualStudioVersion = 10.0.40219.1
Project("{9A19103F-16F7-4668-BE54-9A1E7A4F7556}") = "zad2", "zad2.csproj", "{F350C774-C935-458F-8B03-9DE1BAE4C22F}"
EndProject
Global
	GlobalSection(SolutionConfigurationPlatforms) = preSolution
		Debug|Any CPU = Debug|Any CPU
		Release|Any CPU = Release|Any CPU
	EndGlobalSection
	GlobalSection(ProjectConfigurationPlatforms) = postSolution
		{F350C774-C935-458F-8B03-9DE1BAE4C22F}.Debug|Any CPU.ActiveCfg = Debug|Any CPU
		{F350C774-C935-458F-8B03-9DE1BAE4C22F}.Debug|Any CPU.Build.0 = Debug|Any CPU
		{F350C774-C935-458F-8B03-9DE1BAE4C22F}.Release|Any CPU.ActiveCfg = Release|Any CPU
		{F350C774-C935-458F-8B03-9DE1BAE4C22F}.Release|Any CPU.Build.0 = Release|Any CPU
	EndGlobalSection
	GlobalSection(SolutionProperties) = preSolution
		HideSolutionNode = FALSE
	EndGlobalSection
	GlobalSection(ExtensibilityGlobals) = postSolution
		SolutionGuid = {F84580AB-51BB-4006-97D8-B03FC8C4A5D3}
	EndGlobalSection
EndGlobal
